PODS:
  - HomeModel (0.3.0):
    - XPRouter
    - XPRouterPath
  - XPRouter (1.0.0)
  - XPRouterPath (0.1.1)

DEPENDENCIES:
  - HomeModel (from `../`)

SPEC REPOS:
  https://github.com/cocoapods/specs.git:
    - XPRouter
    - XPRouterPath

EXTERNAL SOURCES:
  HomeModel:
    :path: "../"

SPEC CHECKSUMS:
  HomeModel: dc2d3faee3da5124bc4c892b920c0b3ae99103eb
  XPRouter: 5baa3ed494acaa2671fed0ab141839f97b8bb351
  XPRouterPath: 9608d55701ade1a152acd9d06f87df4b414edbe9

PODFILE CHECKSUM: 3a8a9554ef435ce7b602eae1878868109512b397

COCOAPODS: 1.5.3
